
Microsoft Visual Studio Solution File, Format Version 12.00
Project("{2150E333-8FDC-42A3-9474-1A3956D46DE8}") = "Server", "Server", "{4FC9BB19-00F3-4533-B95A-E4D331D032AB}"
EndProject
Project("{2150E333-8FDC-42A3-9474-1A3956D46DE8}") = "Client", "Client", "{4B49F2FC-0DE7-45A0-8932-D5EF3BEAA34F}"
EndProject
Project("{2150E333-8FDC-42A3-9474-1A3956D46DE8}") = "Shared", "Shared", "{9335B9C1-D202-4110-B044-EB07AA074356}"
EndProject
Project("{FAE04EC0-301F-11D3-BF4B-00C04F79EFBC}") = "Agency.Core.Client", "Agency.Core\Core.Client\Client\Agency.Core.Client.csproj", "{B01167AF-AB51-4CF3-BBDB-200000AA6C5C}"
EndProject
Project("{FAE04EC0-301F-11D3-BF4B-00C04F79EFBC}") = "Agency.Core.Server", "Agency.Core\Core.Server\Server\Agency.Core.Server.csproj", "{D44BE614-EACE-4FE1-B601-AD8D880C9B47}"
EndProject
Project("{FAE04EC0-301F-11D3-BF4B-00C04F79EFBC}") = "Agency.Core.Shared", "Agency.Core\Core.Shared\Shared\Agency.Core.Shared.csproj", "{26883B94-FF27-4B82-B024-CE1E2A0F3D66}"
EndProject
Global
	GlobalSection(SolutionConfigurationPlatforms) = preSolution
		Debug|Any CPU = Debug|Any CPU
		Release|Any CPU = Release|Any CPU
	EndGlobalSection
	GlobalSection(ProjectConfigurationPlatforms) = postSolution
		{B01167AF-AB51-4CF3-BBDB-200000AA6C5C}.Debug|Any CPU.ActiveCfg = Debug|Any CPU
		{B01167AF-AB51-4CF3-BBDB-200000AA6C5C}.Debug|Any CPU.Build.0 = Debug|Any CPU
		{B01167AF-AB51-4CF3-BBDB-200000AA6C5C}.Release|Any CPU.ActiveCfg = Release|Any CPU
		{B01167AF-AB51-4CF3-BBDB-200000AA6C5C}.Release|Any CPU.Build.0 = Release|Any CPU
		{D44BE614-EACE-4FE1-B601-AD8D880C9B47}.Debug|Any CPU.ActiveCfg = Debug|Any CPU
		{D44BE614-EACE-4FE1-B601-AD8D880C9B47}.Debug|Any CPU.Build.0 = Debug|Any CPU
		{D44BE614-EACE-4FE1-B601-AD8D880C9B47}.Release|Any CPU.ActiveCfg = Release|Any CPU
		{D44BE614-EACE-4FE1-B601-AD8D880C9B47}.Release|Any CPU.Build.0 = Release|Any CPU
		{26883B94-FF27-4B82-B024-CE1E2A0F3D66}.Debug|Any CPU.ActiveCfg = Debug|Any CPU
		{26883B94-FF27-4B82-B024-CE1E2A0F3D66}.Debug|Any CPU.Build.0 = Debug|Any CPU
		{26883B94-FF27-4B82-B024-CE1E2A0F3D66}.Release|Any CPU.ActiveCfg = Release|Any CPU
		{26883B94-FF27-4B82-B024-CE1E2A0F3D66}.Release|Any CPU.Build.0 = Release|Any CPU
	EndGlobalSection
	GlobalSection(NestedProjects) = preSolution
		{B01167AF-AB51-4CF3-BBDB-200000AA6C5C} = {4B49F2FC-0DE7-45A0-8932-D5EF3BEAA34F}
		{D44BE614-EACE-4FE1-B601-AD8D880C9B47} = {4FC9BB19-00F3-4533-B95A-E4D331D032AB}
		{26883B94-FF27-4B82-B024-CE1E2A0F3D66} = {9335B9C1-D202-4110-B044-EB07AA074356}
	EndGlobalSection
EndGlobal
